
Microsoft Visual Studio Solution File, Format Version 10.00
# Visual Studio 2008
Project("{FAE04EC0-301F-11D3-BF4B-00C04F79EFBC}") = "Zeplin", "Zeplin\Zeplin.csproj", "{8E004D99-A7D4-447C-916D-520046ACC954}"
	ProjectSection(ProjectDependencies) = postProject
		{FA26C12C-C18F-4B4A-8D5E-909E35FE68CA} = {FA26C12C-C18F-4B4A-8D5E-909E35FE68CA}
	EndProjectSection
EndProject
Project("{FAE04EC0-301F-11D3-BF4B-00C04F79EFBC}") = "Demo", "Demo\Demo.csproj", "{BB6CE315-5DBB-401C-A591-6544B8FED8BC}"
EndProject
Project("{FAE04EC0-301F-11D3-BF4B-00C04F79EFBC}") = "ZeplinContentHelper", "ZeplinContentHelper\ZeplinContentHelper.csproj", "{FA26C12C-C18F-4B4A-8D5E-909E35FE68CA}"
EndProject
Project("{2150E333-8FDC-42A3-9474-1A3956D46DE8}") = "Solution Items", "Solution Items", "{47468FEE-F88C-4E0B-8583-AB138181FB8D}"
	ProjectSection(SolutionItems) = preProject
		todo.txt = todo.txt
	EndProjectSection
EndProject
Project("{FAE04EC0-301F-11D3-BF4B-00C04F79EFBC}") = "TetrisRogue", "TetrisRogue\TetrisRogue.csproj", "{577737B4-366F-4FAD-B940-235C29A3A35E}"
EndProject
Global
	GlobalSection(SolutionConfigurationPlatforms) = preSolution
		Debug|x86 = Debug|x86
		Release|x86 = Release|x86
	EndGlobalSection
	GlobalSection(ProjectConfigurationPlatforms) = postSolution
		{8E004D99-A7D4-447C-916D-520046ACC954}.Debug|x86.ActiveCfg = Debug|x86
		{8E004D99-A7D4-447C-916D-520046ACC954}.Debug|x86.Build.0 = Debug|x86
		{8E004D99-A7D4-447C-916D-520046ACC954}.Release|x86.ActiveCfg = Release|x86
		{8E004D99-A7D4-447C-916D-520046ACC954}.Release|x86.Build.0 = Release|x86
		{BB6CE315-5DBB-401C-A591-6544B8FED8BC}.Debug|x86.ActiveCfg = Debug|x86
		{BB6CE315-5DBB-401C-A591-6544B8FED8BC}.Debug|x86.Build.0 = Debug|x86
		{BB6CE315-5DBB-401C-A591-6544B8FED8BC}.Release|x86.ActiveCfg = Release|x86
		{BB6CE315-5DBB-401C-A591-6544B8FED8BC}.Release|x86.Build.0 = Release|x86
		{FA26C12C-C18F-4B4A-8D5E-909E35FE68CA}.Debug|x86.ActiveCfg = Debug|x86
		{FA26C12C-C18F-4B4A-8D5E-909E35FE68CA}.Debug|x86.Build.0 = Debug|x86
		{FA26C12C-C18F-4B4A-8D5E-909E35FE68CA}.Release|x86.ActiveCfg = Release|x86
		{FA26C12C-C18F-4B4A-8D5E-909E35FE68CA}.Release|x86.Build.0 = Release|x86
		{9CCE2012-3F0F-4C47-B699-0884FE8835F7}.Debug|x86.ActiveCfg = Debug|x86
		{9CCE2012-3F0F-4C47-B699-0884FE8835F7}.Release|x86.ActiveCfg = Release|x86
		{8A252F92-1A37-4207-8A1E-624B39F9C0DF}.Debug|x86.ActiveCfg = Debug|x86
		{8A252F92-1A37-4207-8A1E-624B39F9C0DF}.Release|x86.ActiveCfg = Release|x86
		{41F9BC1C-326E-4D80-A294-C1E87658F697}.Debug|x86.ActiveCfg = Debug|x86
		{41F9BC1C-326E-4D80-A294-C1E87658F697}.Release|x86.ActiveCfg = Release|x86
		{577737B4-366F-4FAD-B940-235C29A3A35E}.Debug|x86.ActiveCfg = Debug|x86
		{577737B4-366F-4FAD-B940-235C29A3A35E}.Debug|x86.Build.0 = Debug|x86
		{577737B4-366F-4FAD-B940-235C29A3A35E}.Release|x86.ActiveCfg = Release|x86
		{577737B4-366F-4FAD-B940-235C29A3A35E}.Release|x86.Build.0 = Release|x86
		{DD6EB347-60BC-41FB-A446-DD64B17C1F72}.Debug|x86.ActiveCfg = Debug|x86
		{DD6EB347-60BC-41FB-A446-DD64B17C1F72}.Release|x86.ActiveCfg = Release|x86
	EndGlobalSection
	GlobalSection(SolutionProperties) = preSolution
		HideSolutionNode = FALSE
	EndGlobalSection
EndGlobal
